# This file is automatically @generated by Cargo.
# It is not intended for manual editing.
version = 4

[[package]]
name = "cfg-if"
version = "1.0.4"
source = "registry+https://github.com/rust-lang/crates.io-index"
checksum = "9330f8b2ff13f34540b44e946ef35111825727b38d33286ef986142615121801"

[[package]]
name = "critical-section"
version = "1.2.0"
source = "registry+https://github.com/rust-lang/crates.io-index"
checksum = "790eea4361631c5e7d22598ecd5723ff611904e3344ce8720784c93e3d83d40b"

[[package]]
name = "embedded-hal"
version = "1.0.0"
source = "registry+https://github.com/rust-lang/crates.io-index"
checksum = "361a90feb7004eca4019fb28352a9465666b24f840f5c3cddf0ff13920590b89"

[[package]]
name = "fugit"
version = "0.3.9"
source = "registry+https://github.com/rust-lang/crates.io-index"
checksum = "4e639847d312d9a82d2e75b0edcc1e934efcc64e6cb7aa94f0b1fbec0bc231d6"
dependencies = [
 "gcd",
]

[[package]]
name = "gcd"
version = "2.3.0"
source = "registry+https://github.com/rust-lang/crates.io-index"
checksum = "1d758ba1b47b00caf47f24925c0074ecb20d6dfcffe7f6d53395c0465674841a"

[[package]]
name = "mutex"
version = "1.0.2"
source = "registry+https://github.com/rust-lang/crates.io-index"
checksum = "f23bf5944734b7a5d1bd0a9b594213dd04de471fd3d3a1bfce672913dd72d606"
dependencies = [
 "critical-section",
 "mutex-traits",
]

[[package]]
name = "mutex-traits"
version = "1.0.1"
source = "registry+https://github.com/rust-lang/crates.io-index"
checksum = "3929f2b5633d29cf7b6624992e5f3c1e9334f1193423e12d17be4faf678cde3f"

[[package]]
name = "os-traits"
version = "0.1.0"
dependencies = [
 "cfg-if",
 "critical-section",
 "embedded-hal",
 "fugit",
 "mutex",
 "mutex-traits",
]
